// !$*UTF8*$!
{
	archiveVersion = 1;
	classes = {
	};
	objectVersion = 46;
	objects = {

/* Begin PBXBuildFile section */
		194D356012CB101F00E3111B /* man_24.png in Resources */ = {isa = PBXBuildFile; fileRef = 194D355F12CB101F00E3111B /* man_24.png */; };
		194D357612CB15C500E3111B /* ProfileViewController.m in Sources */ = {isa = PBXBuildFile; fileRef = 194D357512CB15C500E3111B /* ProfileViewController.m */; };
		194D365C12CB4FBC00E3111B /* BaseDialog.m in Sources */ = {isa = PBXBuildFile; fileRef = 194D365B12CB4FBC00E3111B /* BaseDialog.m */; };
		194D375C12CB683100E3111B /* RootViewQuestionCell.m in Sources */ = {isa = PBXBuildFile; fileRef = 194D375B12CB683100E3111B /* RootViewQuestionCell.m */; };
		194D375F12CB688000E3111B /* BaseQuestionCell.m in Sources */ = {isa = PBXBuildFile; fileRef = 194D375E12CB688000E3111B /* BaseQuestionCell.m */; };
		194D37F112CB736A00E3111B /* meter_green.png in Resources */ = {isa = PBXBuildFile; fileRef = 194D37ED12CB736A00E3111B /* meter_green.png */; };
		194D37F212CB736A00E3111B /* meter_red.png in Resources */ = {isa = PBXBuildFile; fileRef = 194D37EE12CB736A00E3111B /* meter_red.png */; };
		194D37F312CB736A00E3111B /* vote_down.png in Resources */ = {isa = PBXBuildFile; fileRef = 194D37EF12CB736A00E3111B /* vote_down.png */; };
		194D37F412CB736A00E3111B /* vote_up.png in Resources */ = {isa = PBXBuildFile; fileRef = 194D37F012CB736A00E3111B /* vote_up.png */; };
		194D385912CB78F800E3111B /* vote_box.png in Resources */ = {isa = PBXBuildFile; fileRef = 194D385812CB78F800E3111B /* vote_box.png */; };
		194D38E912CB811200E3111B /* placeholder_topic_bw.png in Resources */ = {isa = PBXBuildFile; fileRef = 194D38E712CB811200E3111B /* placeholder_topic_bw.png */; };
		194D38EA12CB811200E3111B /* placeholder2.png in Resources */ = {isa = PBXBuildFile; fileRef = 194D38E812CB811200E3111B /* placeholder2.png */; };
		1995F8C212CC607600C557BF /* ResponseCell.m in Sources */ = {isa = PBXBuildFile; fileRef = 1995F8C112CC607600C557BF /* ResponseCell.m */; };
		1995F97E12CC818D00C557BF /* bg-tile.png in Resources */ = {isa = PBXBuildFile; fileRef = 1995F97D12CC818D00C557BF /* bg-tile.png */; };
		1995FA3112CC8DF300C557BF /* TopicCell.m in Sources */ = {isa = PBXBuildFile; fileRef = 1995FA3012CC8DF300C557BF /* TopicCell.m */; };
		19AB49CC12C9C62500441D37 /* backround.png in Resources */ = {isa = PBXBuildFile; fileRef = 19AB49CB12C9C62500441D37 /* backround.png */; };
		19AB49ED12C9C77700441D37 /* CategoriesViewController.m in Sources */ = {isa = PBXBuildFile; fileRef = 19AB49EC12C9C77700441D37 /* CategoriesViewController.m */; };
		19AB4B0512C9D36A00441D37 /* icon2.png in Resources */ = {isa = PBXBuildFile; fileRef = 19AB4B0412C9D36A00441D37 /* icon2.png */; };
		19AB4B2E12C9D71200441D37 /* placeholder.png in Resources */ = {isa = PBXBuildFile; fileRef = 19AB4B2D12C9D71200441D37 /* placeholder.png */; };
		19AB4B6712C9DA2D00441D37 /* steps.png in Resources */ = {isa = PBXBuildFile; fileRef = 19AB4B6612C9DA2D00441D37 /* steps.png */; };
		19AB4B9A12C9DD4E00441D37 /* background.png in Resources */ = {isa = PBXBuildFile; fileRef = 19AB4B9912C9DD4E00441D37 /* background.png */; };
		19EC53FC12CC46D000C307EC /* icon-mostinterest-off.png in Resources */ = {isa = PBXBuildFile; fileRef = 19EC53F812CC46D000C307EC /* icon-mostinterest-off.png */; };
		19EC53FD12CC46D000C307EC /* icon-mostrecent-off.png in Resources */ = {isa = PBXBuildFile; fileRef = 19EC53F912CC46D000C307EC /* icon-mostrecent-off.png */; };
		19EC53FE12CC46D000C307EC /* icon-totalvotes-off.png in Resources */ = {isa = PBXBuildFile; fileRef = 19EC53FA12CC46D000C307EC /* icon-totalvotes-off.png */; };
		19EC53FF12CC46D000C307EC /* icon-withresponses-off.png in Resources */ = {isa = PBXBuildFile; fileRef = 19EC53FB12CC46D000C307EC /* icon-withresponses-off.png */; };
		1D3623260D0F684500981E51 /* GenericTownHallAppDelegate.m in Sources */ = {isa = PBXBuildFile; fileRef = 1D3623250D0F684500981E51 /* GenericTownHallAppDelegate.m */; };
		1D60589B0D05DD56006BFB54 /* main.m in Sources */ = {isa = PBXBuildFile; fileRef = 29B97316FDCFA39411CA2CEA /* main.m */; };
		1D60589F0D05DD5A006BFB54 /* Foundation.framework in Frameworks */ = {isa = PBXBuildFile; fileRef = 1D30AB110D05D00D00671497 /* Foundation.framework */; };
		1DF5F4E00D08C38300B7A737 /* UIKit.framework in Frameworks */ = {isa = PBXBuildFile; fileRef = 1DF5F4DF0D08C38300B7A737 /* UIKit.framework */; };
		2804200B108E984D000629CD /* RootViewController.m in Sources */ = {isa = PBXBuildFile; fileRef = 28042008108E984D000629CD /* RootViewController.m */; };
		2804200C108E984D000629CD /* DetailViewController.m in Sources */ = {isa = PBXBuildFile; fileRef = 2804200A108E984D000629CD /* DetailViewController.m */; };
		2804203C108E9BAB000629CD /* DetailView.xib in Resources */ = {isa = PBXBuildFile; fileRef = 2804203B108E9BAB000629CD /* DetailView.xib */; };
		2892E4100DC94CBA00A64D0F /* CoreGraphics.framework in Frameworks */ = {isa = PBXBuildFile; fileRef = 2892E40F0DC94CBA00A64D0F /* CoreGraphics.framework */; };
		28AD73600D9D9599002E5188 /* MainWindow.xib in Resources */ = {isa = PBXBuildFile; fileRef = 28AD735F0D9D9599002E5188 /* MainWindow.xib */; };
		63764A6012BF8D4A00F380B5 /* ResponseDialog.m in Sources */ = {isa = PBXBuildFile; fileRef = 63764A5F12BF8D4A00F380B5 /* ResponseDialog.m */; };
		63764BB212C0973900F380B5 /* arrow_down_24.png in Resources */ = {isa = PBXBuildFile; fileRef = 63764BB012C0973900F380B5 /* arrow_down_24.png */; };
		63764BB312C0973900F380B5 /* arrow_up_24.png in Resources */ = {isa = PBXBuildFile; fileRef = 63764BB112C0973900F380B5 /* arrow_up_24.png */; };
		63764C1D12C0A9AD00F380B5 /* arrow_down_24_on.png in Resources */ = {isa = PBXBuildFile; fileRef = 63764C1B12C0A9AD00F380B5 /* arrow_down_24_on.png */; };
		63764C1E12C0A9AD00F380B5 /* arrow_up_24_on.png in Resources */ = {isa = PBXBuildFile; fileRef = 63764C1C12C0A9AD00F380B5 /* arrow_up_24_on.png */; };
		6398741212C3539300CB5944 /* QuestionPlainCell.m in Sources */ = {isa = PBXBuildFile; fileRef = 6398741112C3539300CB5944 /* QuestionPlainCell.m */; };
		6398747E12C368FD00CB5944 /* QuestionGroupedCell.m in Sources */ = {isa = PBXBuildFile; fileRef = 6398747D12C368FD00CB5944 /* QuestionGroupedCell.m */; };
		63A363DA12B8C1B60028AC5B /* MBProgressHUD.m in Sources */ = {isa = PBXBuildFile; fileRef = 63A363D912B8C1B60028AC5B /* MBProgressHUD.m */; };
		63A366FD12BA09EF0028AC5B /* configs.plist in Resources */ = {isa = PBXBuildFile; fileRef = 63A366FC12BA09EF0028AC5B /* configs.plist */; };
		63A3686C12BA26B90028AC5B /* arrow_left_24.png in Resources */ = {isa = PBXBuildFile; fileRef = 63A3686B12BA26B90028AC5B /* arrow_left_24.png */; };
		63A3688012BA27B40028AC5B /* arrow_right_24.png in Resources */ = {isa = PBXBuildFile; fileRef = 63A3687F12BA27B40028AC5B /* arrow_right_24.png */; };
		63A3688212BA27C10028AC5B /* reload_24.png in Resources */ = {isa = PBXBuildFile; fileRef = 63A3688112BA27C10028AC5B /* reload_24.png */; };
		63A3688912BA28590028AC5B /* arrow_circle_right_24.png in Resources */ = {isa = PBXBuildFile; fileRef = 63A3688812BA28590028AC5B /* arrow_circle_right_24.png */; };
		63A369F512BA44E70028AC5B /* pencil_24.png in Resources */ = {isa = PBXBuildFile; fileRef = 63A369F412BA44E70028AC5B /* pencil_24.png */; };
		63A369F712BA45550028AC5B /* comment_24.png in Resources */ = {isa = PBXBuildFile; fileRef = 63A369F612BA45550028AC5B /* comment_24.png */; };
		63A36A7D12BA51DD0028AC5B /* QuestionDialog.m in Sources */ = {isa = PBXBuildFile; fileRef = 63A36A7C12BA51DD0028AC5B /* QuestionDialog.m */; };
		63A36D9212BB54580028AC5B /* key_24.png in Resources */ = {isa = PBXBuildFile; fileRef = 63A36D9112BB54580028AC5B /* key_24.png */; };
		63A36D9612BB549A0028AC5B /* LoginDialog.m in Sources */ = {isa = PBXBuildFile; fileRef = 63A36D9512BB549A0028AC5B /* LoginDialog.m */; };
		63A36DEB12BB5F1E0028AC5B /* QuartzCore.framework in Frameworks */ = {isa = PBXBuildFile; fileRef = 63A36DEA12BB5F1E0028AC5B /* QuartzCore.framework */; };
		63A4472112B610C10020FA06 /* NSObject+SBJSON.m in Sources */ = {isa = PBXBuildFile; fileRef = 63A4471812B610C10020FA06 /* NSObject+SBJSON.m */; };
		63A4472212B610C10020FA06 /* NSString+SBJSON.m in Sources */ = {isa = PBXBuildFile; fileRef = 63A4471A12B610C10020FA06 /* NSString+SBJSON.m */; };
		63A4472312B610C10020FA06 /* SBJsonBase.m in Sources */ = {isa = PBXBuildFile; fileRef = 63A4471C12B610C10020FA06 /* SBJsonBase.m */; };
		63A4472412B610C10020FA06 /* SBJsonParser.m in Sources */ = {isa = PBXBuildFile; fileRef = 63A4471E12B610C10020FA06 /* SBJsonParser.m */; };
		63A4472512B610C10020FA06 /* SBJsonWriter.m in Sources */ = {isa = PBXBuildFile; fileRef = 63A4472012B610C10020FA06 /* SBJsonWriter.m */; };
		63A4473612B611F80020FA06 /* GTMGatherInputStream.m in Sources */ = {isa = PBXBuildFile; fileRef = 63A4472912B611F80020FA06 /* GTMGatherInputStream.m */; };
		63A4473712B611F80020FA06 /* GTMHTTPFetcher.m in Sources */ = {isa = PBXBuildFile; fileRef = 63A4472B12B611F80020FA06 /* GTMHTTPFetcher.m */; };
		63A4473812B611F80020FA06 /* GTMHTTPFetcherLogging.m in Sources */ = {isa = PBXBuildFile; fileRef = 63A4472D12B611F80020FA06 /* GTMHTTPFetcherLogging.m */; };
		63A4473912B611F80020FA06 /* GTMHTTPFetcherService.m in Sources */ = {isa = PBXBuildFile; fileRef = 63A4472F12B611F80020FA06 /* GTMHTTPFetcherService.m */; };
		63A4473A12B611F80020FA06 /* GTMHTTPFetchHistory.m in Sources */ = {isa = PBXBuildFile; fileRef = 63A4473112B611F80020FA06 /* GTMHTTPFetchHistory.m */; };
		63A4473B12B611F80020FA06 /* GTMHTTPUploadFetcher.m in Sources */ = {isa = PBXBuildFile; fileRef = 63A4473312B611F80020FA06 /* GTMHTTPUploadFetcher.m */; };
		63A4473C12B611F80020FA06 /* GTMMIMEDocument.m in Sources */ = {isa = PBXBuildFile; fileRef = 63A4473512B611F80020FA06 /* GTMMIMEDocument.m */; };
		63A4487512B6490B0020FA06 /* TopicsViewController.m in Sources */ = {isa = PBXBuildFile; fileRef = 63A4487312B6490B0020FA06 /* TopicsViewController.m */; };
		63A4487612B6490B0020FA06 /* TopicsViewController.xib in Resources */ = {isa = PBXBuildFile; fileRef = 63A4487412B6490B0020FA06 /* TopicsViewController.xib */; };
		63A44CFC12B76EBF0020FA06 /* QuestionsViewController.m in Sources */ = {isa = PBXBuildFile; fileRef = 63A44CFA12B76EBF0020FA06 /* QuestionsViewController.m */; };
		63A44CFD12B76EBF0020FA06 /* QuestionsViewController.xib in Resources */ = {isa = PBXBuildFile; fileRef = 63A44CFB12B76EBF0020FA06 /* QuestionsViewController.xib */; };
		63A44D5412B7778B0020FA06 /* ResponsesViewController.m in Sources */ = {isa = PBXBuildFile; fileRef = 63A44D5212B7778B0020FA06 /* ResponsesViewController.m */; };
		63A44D5512B7778B0020FA06 /* ResponsesViewController.xib in Resources */ = {isa = PBXBuildFile; fileRef = 63A44D5312B7778B0020FA06 /* ResponsesViewController.xib */; };
		63A44DA412B77E670020FA06 /* Category.m in Sources */ = {isa = PBXBuildFile; fileRef = 63A44DA312B77E670020FA06 /* Category.m */; };
		63A44DA712B77E7A0020FA06 /* Question.m in Sources */ = {isa = PBXBuildFile; fileRef = 63A44DA612B77E7A0020FA06 /* Question.m */; };
		63A44DAA12B77EBA0020FA06 /* Response.m in Sources */ = {isa = PBXBuildFile; fileRef = 63A44DA912B77EBA0020FA06 /* Response.m */; };
		63A44DAD12B780600020FA06 /* Topic.m in Sources */ = {isa = PBXBuildFile; fileRef = 63A44DAC12B780600020FA06 /* Topic.m */; };
		63A56A2512BCDAC200BE6B67 /* Originator.m in Sources */ = {isa = PBXBuildFile; fileRef = 63A56A2212BCDAC200BE6B67 /* Originator.m */; };
		63A56A2612BCDAC200BE6B67 /* Votes.m in Sources */ = {isa = PBXBuildFile; fileRef = 63A56A2412BCDAC200BE6B67 /* Votes.m */; };
		63A56D4212BD716900BE6B67 /* AsynchImageView.m in Sources */ = {isa = PBXBuildFile; fileRef = 63A56D4112BD716900BE6B67 /* AsynchImageView.m */; };
		63C7D62612BB6E1000F18706 /* SplashViewController.m in Sources */ = {isa = PBXBuildFile; fileRef = 63C7D62512BB6E1000F18706 /* SplashViewController.m */; };
		AA05683712CD83EF007E1651 /* icon.png in Resources */ = {isa = PBXBuildFile; fileRef = AA05683612CD83EF007E1651 /* icon.png */; };
		AA99105412CDCEEC00F0621C /* splash.png in Resources */ = {isa = PBXBuildFile; fileRef = AA99105212CDCEEC00F0621C /* splash.png */; };
		AA99105512CDCEEC00F0621C /* top-bar-splash.png in Resources */ = {isa = PBXBuildFile; fileRef = AA99105312CDCEEC00F0621C /* top-bar-splash.png */; };
/* End PBXBuildFile section */

/* Begin PBXFileReference section */
		194D355F12CB101F00E3111B /* man_24.png */ = {isa = PBXFileReference; lastKnownFileType = image.png; path = man_24.png; sourceTree = "<group>"; };
		194D357412CB15C500E3111B /* ProfileViewController.h */ = {isa = PBXFileReference; fileEncoding = 4; lastKnownFileType = sourcecode.c.h; path = ProfileViewController.h; sourceTree = "<group>"; };
		194D357512CB15C500E3111B /* ProfileViewController.m */ = {isa = PBXFileReference; fileEncoding = 4; lastKnownFileType = sourcecode.c.objc; path = ProfileViewController.m; sourceTree = "<group>"; };
		194D365A12CB4FBC00E3111B /* BaseDialog.h */ = {isa = PBXFileReference; fileEncoding = 4; lastKnownFileType = sourcecode.c.h; path = BaseDialog.h; sourceTree = "<group>"; };
		194D365B12CB4FBC00E3111B /* BaseDialog.m */ = {isa = PBXFileReference; fileEncoding = 4; lastKnownFileType = sourcecode.c.objc; path = BaseDialog.m; sourceTree = "<group>"; };
		194D375A12CB683100E3111B /* RootViewQuestionCell.h */ = {isa = PBXFileReference; fileEncoding = 4; lastKnownFileType = sourcecode.c.h; path = RootViewQuestionCell.h; sourceTree = "<group>"; };
		194D375B12CB683100E3111B /* RootViewQuestionCell.m */ = {isa = PBXFileReference; fileEncoding = 4; lastKnownFileType = sourcecode.c.objc; path = RootViewQuestionCell.m; sourceTree = "<group>"; };
		194D375D12CB688000E3111B /* BaseQuestionCell.h */ = {isa = PBXFileReference; fileEncoding = 4; lastKnownFileType = sourcecode.c.h; path = BaseQuestionCell.h; sourceTree = "<group>"; };
		194D375E12CB688000E3111B /* BaseQuestionCell.m */ = {isa = PBXFileReference; fileEncoding = 4; lastKnownFileType = sourcecode.c.objc; path = BaseQuestionCell.m; sourceTree = "<group>"; };
		194D37ED12CB736A00E3111B /* meter_green.png */ = {isa = PBXFileReference; lastKnownFileType = image.png; name = meter_green.png; path = DESIGN/meter_green.png; sourceTree = "<group>"; };
		194D37EE12CB736A00E3111B /* meter_red.png */ = {isa = PBXFileReference; lastKnownFileType = image.png; name = meter_red.png; path = DESIGN/meter_red.png; sourceTree = "<group>"; };
		194D37EF12CB736A00E3111B /* vote_down.png */ = {isa = PBXFileReference; lastKnownFileType = image.png; name = vote_down.png; path = DESIGN/vote_down.png; sourceTree = "<group>"; };
		194D37F012CB736A00E3111B /* vote_up.png */ = {isa = PBXFileReference; lastKnownFileType = image.png; name = vote_up.png; path = DESIGN/vote_up.png; sourceTree = "<group>"; };
		194D385812CB78F800E3111B /* vote_box.png */ = {isa = PBXFileReference; lastKnownFileType = image.png; name = vote_box.png; path = DESIGN/vote_box.png; sourceTree = "<group>"; };
		194D38E712CB811200E3111B /* placeholder_topic_bw.png */ = {isa = PBXFileReference; lastKnownFileType = image.png; name = placeholder_topic_bw.png; path = DESIGN/placeholder_topic_bw.png; sourceTree = "<group>"; };
		194D38E812CB811200E3111B /* placeholder2.png */ = {isa = PBXFileReference; lastKnownFileType = image.png; name = placeholder2.png; path = DESIGN/placeholder2.png; sourceTree = "<group>"; };
		1995F8C012CC607600C557BF /* ResponseCell.h */ = {isa = PBXFileReference; fileEncoding = 4; lastKnownFileType = sourcecode.c.h; path = ResponseCell.h; sourceTree = "<group>"; };
		1995F8C112CC607600C557BF /* ResponseCell.m */ = {isa = PBXFileReference; fileEncoding = 4; lastKnownFileType = sourcecode.c.objc; path = ResponseCell.m; sourceTree = "<group>"; };
		1995F97D12CC818D00C557BF /* bg-tile.png */ = {isa = PBXFileReference; lastKnownFileType = image.png; name = "bg-tile.png"; path = "DESIGN/bg-tile.png"; sourceTree = "<group>"; };
		1995FA2F12CC8DF300C557BF /* TopicCell.h */ = {isa = PBXFileReference; fileEncoding = 4; lastKnownFileType = sourcecode.c.h; path = TopicCell.h; sourceTree = "<group>"; };
		1995FA3012CC8DF300C557BF /* TopicCell.m */ = {isa = PBXFileReference; fileEncoding = 4; lastKnownFileType = sourcecode.c.objc; path = TopicCell.m; sourceTree = "<group>"; };
		19AB49CB12C9C62500441D37 /* backround.png */ = {isa = PBXFileReference; lastKnownFileType = image.png; name = backround.png; path = DESIGN/backround.png; sourceTree = "<group>"; };
		19AB49EB12C9C77700441D37 /* CategoriesViewController.h */ = {isa = PBXFileReference; fileEncoding = 4; lastKnownFileType = sourcecode.c.h; path = CategoriesViewController.h; sourceTree = "<group>"; };
		19AB49EC12C9C77700441D37 /* CategoriesViewController.m */ = {isa = PBXFileReference; fileEncoding = 4; lastKnownFileType = sourcecode.c.objc; path = CategoriesViewController.m; sourceTree = "<group>"; };
		19AB4B0412C9D36A00441D37 /* icon2.png */ = {isa = PBXFileReference; lastKnownFileType = image.png; name = icon2.png; path = DESIGN/icon2.png; sourceTree = "<group>"; };
		19AB4B2D12C9D71200441D37 /* placeholder.png */ = {isa = PBXFileReference; lastKnownFileType = image.png; name = placeholder.png; path = DESIGN/placeholder.png; sourceTree = "<group>"; };
		19AB4B6612C9DA2D00441D37 /* steps.png */ = {isa = PBXFileReference; lastKnownFileType = image.png; name = steps.png; path = DESIGN/steps.png; sourceTree = "<group>"; };
		19AB4B9912C9DD4E00441D37 /* background.png */ = {isa = PBXFileReference; lastKnownFileType = image.png; name = background.png; path = DESIGN/background.png; sourceTree = "<group>"; };
		19EC53F812CC46D000C307EC /* icon-mostinterest-off.png */ = {isa = PBXFileReference; lastKnownFileType = image.png; name = "icon-mostinterest-off.png"; path = "DESIGN/icon-mostinterest-off.png"; sourceTree = "<group>"; };
		19EC53F912CC46D000C307EC /* icon-mostrecent-off.png */ = {isa = PBXFileReference; lastKnownFileType = image.png; name = "icon-mostrecent-off.png"; path = "DESIGN/icon-mostrecent-off.png"; sourceTree = "<group>"; };
		19EC53FA12CC46D000C307EC /* icon-totalvotes-off.png */ = {isa = PBXFileReference; lastKnownFileType = image.png; name = "icon-totalvotes-off.png"; path = "DESIGN/icon-totalvotes-off.png"; sourceTree = "<group>"; };
		19EC53FB12CC46D000C307EC /* icon-withresponses-off.png */ = {isa = PBXFileReference; lastKnownFileType = image.png; name = "icon-withresponses-off.png"; path = "DESIGN/icon-withresponses-off.png"; sourceTree = "<group>"; };
		1D30AB110D05D00D00671497 /* Foundation.framework */ = {isa = PBXFileReference; lastKnownFileType = wrapper.framework; name = Foundation.framework; path = System/Library/Frameworks/Foundation.framework; sourceTree = SDKROOT; };
		1D3623240D0F684500981E51 /* GenericTownHallAppDelegate.h */ = {isa = PBXFileReference; fileEncoding = 4; lastKnownFileType = sourcecode.c.h; path = GenericTownHallAppDelegate.h; sourceTree = "<group>"; };
		1D3623250D0F684500981E51 /* GenericTownHallAppDelegate.m */ = {isa = PBXFileReference; fileEncoding = 4; lastKnownFileType = sourcecode.c.objc; path = GenericTownHallAppDelegate.m; sourceTree = "<group>"; };
		1D6058910D05DD3D006BFB54 /* GenericTownHall.app */ = {isa = PBXFileReference; explicitFileType = wrapper.application; includeInIndex = 0; path = GenericTownHall.app; sourceTree = BUILT_PRODUCTS_DIR; };
		1DF5F4DF0D08C38300B7A737 /* UIKit.framework */ = {isa = PBXFileReference; lastKnownFileType = wrapper.framework; name = UIKit.framework; path = System/Library/Frameworks/UIKit.framework; sourceTree = SDKROOT; };
		28042007108E984D000629CD /* RootViewController.h */ = {isa = PBXFileReference; fileEncoding = 4; lastKnownFileType = sourcecode.c.h; path = RootViewController.h; sourceTree = "<group>"; };
		28042008108E984D000629CD /* RootViewController.m */ = {isa = PBXFileReference; fileEncoding = 4; lastKnownFileType = sourcecode.c.objc; path = RootViewController.m; sourceTree = "<group>"; };
		28042009108E984D000629CD /* DetailViewController.h */ = {isa = PBXFileReference; fileEncoding = 4; lastKnownFileType = sourcecode.c.h; path = DetailViewController.h; sourceTree = "<group>"; };
		2804200A108E984D000629CD /* DetailViewController.m */ = {isa = PBXFileReference; fileEncoding = 4; lastKnownFileType = sourcecode.c.objc; path = DetailViewController.m; sourceTree = "<group>"; };
		2804203B108E9BAB000629CD /* DetailView.xib */ = {isa = PBXFileReference; lastKnownFileType = file.xib; path = DetailView.xib; sourceTree = "<group>"; };
		2892E40F0DC94CBA00A64D0F /* CoreGraphics.framework */ = {isa = PBXFileReference; lastKnownFileType = wrapper.framework; name = CoreGraphics.framework; path = System/Library/Frameworks/CoreGraphics.framework; sourceTree = SDKROOT; };
		28A0AAE50D9B0CCF005BE974 /* GenericTownHall_Prefix.pch */ = {isa = PBXFileReference; fileEncoding = 4; lastKnownFileType = sourcecode.c.h; path = GenericTownHall_Prefix.pch; sourceTree = "<group>"; };
		28AD735F0D9D9599002E5188 /* MainWindow.xib */ = {isa = PBXFileReference; lastKnownFileType = file.xib; path = MainWindow.xib; sourceTree = "<group>"; };
		29B97316FDCFA39411CA2CEA /* main.m */ = {isa = PBXFileReference; fileEncoding = 4; lastKnownFileType = sourcecode.c.objc; path = main.m; sourceTree = "<group>"; };
		63764A5E12BF8D4A00F380B5 /* ResponseDialog.h */ = {isa = PBXFileReference; fileEncoding = 4; lastKnownFileType = sourcecode.c.h; path = ResponseDialog.h; sourceTree = "<group>"; };
		63764A5F12BF8D4A00F380B5 /* ResponseDialog.m */ = {isa = PBXFileReference; fileEncoding = 4; lastKnownFileType = sourcecode.c.objc; path = ResponseDialog.m; sourceTree = "<group>"; };
		63764BB012C0973900F380B5 /* arrow_down_24.png */ = {isa = PBXFileReference; lastKnownFileType = image.png; path = arrow_down_24.png; sourceTree = "<group>"; };
		63764BB112C0973900F380B5 /* arrow_up_24.png */ = {isa = PBXFileReference; lastKnownFileType = image.png; path = arrow_up_24.png; sourceTree = "<group>"; };
		63764C1B12C0A9AD00F380B5 /* arrow_down_24_on.png */ = {isa = PBXFileReference; lastKnownFileType = image.png; path = arrow_down_24_on.png; sourceTree = "<group>"; };
		63764C1C12C0A9AD00F380B5 /* arrow_up_24_on.png */ = {isa = PBXFileReference; lastKnownFileType = image.png; path = arrow_up_24_on.png; sourceTree = "<group>"; };
		6398741012C3539300CB5944 /* QuestionPlainCell.h */ = {isa = PBXFileReference; fileEncoding = 4; lastKnownFileType = sourcecode.c.h; path = QuestionPlainCell.h; sourceTree = "<group>"; };
		6398741112C3539300CB5944 /* QuestionPlainCell.m */ = {isa = PBXFileReference; fileEncoding = 4; lastKnownFileType = sourcecode.c.objc; path = QuestionPlainCell.m; sourceTree = "<group>"; };
		6398747C12C368FD00CB5944 /* QuestionGroupedCell.h */ = {isa = PBXFileReference; fileEncoding = 4; lastKnownFileType = sourcecode.c.h; path = QuestionGroupedCell.h; sourceTree = "<group>"; };
		6398747D12C368FD00CB5944 /* QuestionGroupedCell.m */ = {isa = PBXFileReference; fileEncoding = 4; lastKnownFileType = sourcecode.c.objc; path = QuestionGroupedCell.m; sourceTree = "<group>"; };
		63A363D812B8C1B60028AC5B /* MBProgressHUD.h */ = {isa = PBXFileReference; fileEncoding = 4; lastKnownFileType = sourcecode.c.h; path = MBProgressHUD.h; sourceTree = "<group>"; };
		63A363D912B8C1B60028AC5B /* MBProgressHUD.m */ = {isa = PBXFileReference; fileEncoding = 4; lastKnownFileType = sourcecode.c.objc; path = MBProgressHUD.m; sourceTree = "<group>"; };
		63A366FC12BA09EF0028AC5B /* configs.plist */ = {isa = PBXFileReference; fileEncoding = 4; lastKnownFileType = text.plist.xml; path = configs.plist; sourceTree = "<group>"; };
		63A366FE12BA0AD30028AC5B /* globals.h */ = {isa = PBXFileReference; fileEncoding = 4; lastKnownFileType = sourcecode.c.h; path = globals.h; sourceTree = "<group>"; };
		63A3686B12BA26B90028AC5B /* arrow_left_24.png */ = {isa = PBXFileReference; lastKnownFileType = image.png; path = arrow_left_24.png; sourceTree = "<group>"; };
		63A3687F12BA27B40028AC5B /* arrow_right_24.png */ = {isa = PBXFileReference; lastKnownFileType = image.png; path = arrow_right_24.png; sourceTree = "<group>"; };
		63A3688112BA27C10028AC5B /* reload_24.png */ = {isa = PBXFileReference; lastKnownFileType = image.png; path = reload_24.png; sourceTree = "<group>"; };
		63A3688812BA28590028AC5B /* arrow_circle_right_24.png */ = {isa = PBXFileReference; lastKnownFileType = image.png; path = arrow_circle_right_24.png; sourceTree = "<group>"; };
		63A369F412BA44E70028AC5B /* pencil_24.png */ = {isa = PBXFileReference; lastKnownFileType = image.png; path = pencil_24.png; sourceTree = "<group>"; };
		63A369F612BA45550028AC5B /* comment_24.png */ = {isa = PBXFileReference; lastKnownFileType = image.png; path = comment_24.png; sourceTree = "<group>"; };
		63A36A7B12BA51DD0028AC5B /* QuestionDialog.h */ = {isa = PBXFileReference; fileEncoding = 4; lastKnownFileType = sourcecode.c.h; path = QuestionDialog.h; sourceTree = "<group>"; };
		63A36A7C12BA51DD0028AC5B /* QuestionDialog.m */ = {isa = PBXFileReference; fileEncoding = 4; lastKnownFileType = sourcecode.c.objc; path = QuestionDialog.m; sourceTree = "<group>"; };
		63A36D9112BB54580028AC5B /* key_24.png */ = {isa = PBXFileReference; lastKnownFileType = image.png; path = key_24.png; sourceTree = "<group>"; };
		63A36D9412BB549A0028AC5B /* LoginDialog.h */ = {isa = PBXFileReference; fileEncoding = 4; lastKnownFileType = sourcecode.c.h; path = LoginDialog.h; sourceTree = "<group>"; };
		63A36D9512BB549A0028AC5B /* LoginDialog.m */ = {isa = PBXFileReference; fileEncoding = 4; lastKnownFileType = sourcecode.c.objc; path = LoginDialog.m; sourceTree = "<group>"; };
		63A36DEA12BB5F1E0028AC5B /* QuartzCore.framework */ = {isa = PBXFileReference; lastKnownFileType = wrapper.framework; name = QuartzCore.framework; path = System/Library/Frameworks/QuartzCore.framework; sourceTree = SDKROOT; };
		63A4471612B610C10020FA06 /* JSON.h */ = {isa = PBXFileReference; fileEncoding = 4; lastKnownFileType = sourcecode.c.h; path = JSON.h; sourceTree = "<group>"; };
		63A4471712B610C10020FA06 /* NSObject+SBJSON.h */ = {isa = PBXFileReference; fileEncoding = 4; lastKnownFileType = sourcecode.c.h; path = "NSObject+SBJSON.h"; sourceTree = "<group>"; };
		63A4471812B610C10020FA06 /* NSObject+SBJSON.m */ = {isa = PBXFileReference; fileEncoding = 4; lastKnownFileType = sourcecode.c.objc; path = "NSObject+SBJSON.m"; sourceTree = "<group>"; };
		63A4471912B610C10020FA06 /* NSString+SBJSON.h */ = {isa = PBXFileReference; fileEncoding = 4; lastKnownFileType = sourcecode.c.h; path = "NSString+SBJSON.h"; sourceTree = "<group>"; };
		63A4471A12B610C10020FA06 /* NSString+SBJSON.m */ = {isa = PBXFileReference; fileEncoding = 4; lastKnownFileType = sourcecode.c.objc; path = "NSString+SBJSON.m"; sourceTree = "<group>"; };
		63A4471B12B610C10020FA06 /* SBJsonBase.h */ = {isa = PBXFileReference; fileEncoding = 4; lastKnownFileType = sourcecode.c.h; path = SBJsonBase.h; sourceTree = "<group>"; };
		63A4471C12B610C10020FA06 /* SBJsonBase.m */ = {isa = PBXFileReference; fileEncoding = 4; lastKnownFileType = sourcecode.c.objc; path = SBJsonBase.m; sourceTree = "<group>"; };
		63A4471D12B610C10020FA06 /* SBJsonParser.h */ = {isa = PBXFileReference; fileEncoding = 4; lastKnownFileType = sourcecode.c.h; path = SBJsonParser.h; sourceTree = "<group>"; };
		63A4471E12B610C10020FA06 /* SBJsonParser.m */ = {isa = PBXFileReference; fileEncoding = 4; lastKnownFileType = sourcecode.c.objc; path = SBJsonParser.m; sourceTree = "<group>"; };
		63A4471F12B610C10020FA06 /* SBJsonWriter.h */ = {isa = PBXFileReference; fileEncoding = 4; lastKnownFileType = sourcecode.c.h; path = SBJsonWriter.h; sourceTree = "<group>"; };
		63A4472012B610C10020FA06 /* SBJsonWriter.m */ = {isa = PBXFileReference; fileEncoding = 4; lastKnownFileType = sourcecode.c.objc; path = SBJsonWriter.m; sourceTree = "<group>"; };
		63A4472812B611F80020FA06 /* GTMGatherInputStream.h */ = {isa = PBXFileReference; fileEncoding = 4; lastKnownFileType = sourcecode.c.h; path = GTMGatherInputStream.h; sourceTree = "<group>"; };
		63A4472912B611F80020FA06 /* GTMGatherInputStream.m */ = {isa = PBXFileReference; fileEncoding = 4; lastKnownFileType = sourcecode.c.objc; path = GTMGatherInputStream.m; sourceTree = "<group>"; };
		63A4472A12B611F80020FA06 /* GTMHTTPFetcher.h */ = {isa = PBXFileReference; fileEncoding = 4; lastKnownFileType = sourcecode.c.h; path = GTMHTTPFetcher.h; sourceTree = "<group>"; };
		63A4472B12B611F80020FA06 /* GTMHTTPFetcher.m */ = {isa = PBXFileReference; fileEncoding = 4; lastKnownFileType = sourcecode.c.objc; path = GTMHTTPFetcher.m; sourceTree = "<group>"; };
		63A4472C12B611F80020FA06 /* GTMHTTPFetcherLogging.h */ = {isa = PBXFileReference; fileEncoding = 4; lastKnownFileType = sourcecode.c.h; path = GTMHTTPFetcherLogging.h; sourceTree = "<group>"; };
		63A4472D12B611F80020FA06 /* GTMHTTPFetcherLogging.m */ = {isa = PBXFileReference; fileEncoding = 4; lastKnownFileType = sourcecode.c.objc; path = GTMHTTPFetcherLogging.m; sourceTree = "<group>"; };
		63A4472E12B611F80020FA06 /* GTMHTTPFetcherService.h */ = {isa = PBXFileReference; fileEncoding = 4; lastKnownFileType = sourcecode.c.h; path = GTMHTTPFetcherService.h; sourceTree = "<group>"; };
		63A4472F12B611F80020FA06 /* GTMHTTPFetcherService.m */ = {isa = PBXFileReference; fileEncoding = 4; lastKnownFileType = sourcecode.c.objc; path = GTMHTTPFetcherService.m; sourceTree = "<group>"; };
		63A4473012B611F80020FA06 /* GTMHTTPFetchHistory.h */ = {isa = PBXFileReference; fileEncoding = 4; lastKnownFileType = sourcecode.c.h; path = GTMHTTPFetchHistory.h; sourceTree = "<group>"; };
		63A4473112B611F80020FA06 /* GTMHTTPFetchHistory.m */ = {isa = PBXFileReference; fileEncoding = 4; lastKnownFileType = sourcecode.c.objc; path = GTMHTTPFetchHistory.m; sourceTree = "<group>"; };
		63A4473212B611F80020FA06 /* GTMHTTPUploadFetcher.h */ = {isa = PBXFileReference; fileEncoding = 4; lastKnownFileType = sourcecode.c.h; path = GTMHTTPUploadFetcher.h; sourceTree = "<group>"; };
		63A4473312B611F80020FA06 /* GTMHTTPUploadFetcher.m */ = {isa = PBXFileReference; fileEncoding = 4; lastKnownFileType = sourcecode.c.objc; path = GTMHTTPUploadFetcher.m; sourceTree = "<group>"; };
		63A4473412B611F80020FA06 /* GTMMIMEDocument.h */ = {isa = PBXFileReference; fileEncoding = 4; lastKnownFileType = sourcecode.c.h; path = GTMMIMEDocument.h; sourceTree = "<group>"; };
		63A4473512B611F80020FA06 /* GTMMIMEDocument.m */ = {isa = PBXFileReference; fileEncoding = 4; lastKnownFileType = sourcecode.c.objc; path = GTMMIMEDocument.m; sourceTree = "<group>"; };
		63A4487212B6490B0020FA06 /* TopicsViewController.h */ = {isa = PBXFileReference; fileEncoding = 4; lastKnownFileType = sourcecode.c.h; path = TopicsViewController.h; sourceTree = "<group>"; };
		63A4487312B6490B0020FA06 /* TopicsViewController.m */ = {isa = PBXFileReference; fileEncoding = 4; lastKnownFileType = sourcecode.c.objc; path = TopicsViewController.m; sourceTree = "<group>"; };
		63A4487412B6490B0020FA06 /* TopicsViewController.xib */ = {isa = PBXFileReference; lastKnownFileType = file.xib; path = TopicsViewController.xib; sourceTree = "<group>"; };
		63A44CF912B76EBF0020FA06 /* QuestionsViewController.h */ = {isa = PBXFileReference; fileEncoding = 4; lastKnownFileType = sourcecode.c.h; path = QuestionsViewController.h; sourceTree = "<group>"; };
		63A44CFA12B76EBF0020FA06 /* QuestionsViewController.m */ = {isa = PBXFileReference; fileEncoding = 4; lastKnownFileType = sourcecode.c.objc; path = QuestionsViewController.m; sourceTree = "<group>"; };
		63A44CFB12B76EBF0020FA06 /* QuestionsViewController.xib */ = {isa = PBXFileReference; lastKnownFileType = file.xib; path = QuestionsViewController.xib; sourceTree = "<group>"; };
		63A44D5112B7778B0020FA06 /* ResponsesViewController.h */ = {isa = PBXFileReference; fileEncoding = 4; lastKnownFileType = sourcecode.c.h; path = ResponsesViewController.h; sourceTree = "<group>"; };
		63A44D5212B7778B0020FA06 /* ResponsesViewController.m */ = {isa = PBXFileReference; fileEncoding = 4; lastKnownFileType = sourcecode.c.objc; path = ResponsesViewController.m; sourceTree = "<group>"; };
		63A44D5312B7778B0020FA06 /* ResponsesViewController.xib */ = {isa = PBXFileReference; lastKnownFileType = file.xib; path = ResponsesViewController.xib; sourceTree = "<group>"; };
		63A44DA212B77E670020FA06 /* Category.h */ = {isa = PBXFileReference; fileEncoding = 4; lastKnownFileType = sourcecode.c.h; path = Category.h; sourceTree = "<group>"; };
		63A44DA312B77E670020FA06 /* Category.m */ = {isa = PBXFileReference; fileEncoding = 4; lastKnownFileType = sourcecode.c.objc; path = Category.m; sourceTree = "<group>"; };
		63A44DA512B77E7A0020FA06 /* Question.h */ = {isa = PBXFileReference; fileEncoding = 4; lastKnownFileType = sourcecode.c.h; path = Question.h; sourceTree = "<group>"; };
		63A44DA612B77E7A0020FA06 /* Question.m */ = {isa = PBXFileReference; fileEncoding = 4; lastKnownFileType = sourcecode.c.objc; path = Question.m; sourceTree = "<group>"; };
		63A44DA812B77EBA0020FA06 /* Response.h */ = {isa = PBXFileReference; fileEncoding = 4; lastKnownFileType = sourcecode.c.h; path = Response.h; sourceTree = "<group>"; };
		63A44DA912B77EBA0020FA06 /* Response.m */ = {isa = PBXFileReference; fileEncoding = 4; lastKnownFileType = sourcecode.c.objc; path = Response.m; sourceTree = "<group>"; };
		63A44DAB12B780600020FA06 /* Topic.h */ = {isa = PBXFileReference; fileEncoding = 4; lastKnownFileType = sourcecode.c.h; path = Topic.h; sourceTree = "<group>"; };
		63A44DAC12B780600020FA06 /* Topic.m */ = {isa = PBXFileReference; fileEncoding = 4; lastKnownFileType = sourcecode.c.objc; path = Topic.m; sourceTree = "<group>"; };
		63A56A2112BCDAC200BE6B67 /* Originator.h */ = {isa = PBXFileReference; fileEncoding = 4; lastKnownFileType = sourcecode.c.h; path = Originator.h; sourceTree = "<group>"; };
		63A56A2212BCDAC200BE6B67 /* Originator.m */ = {isa = PBXFileReference; fileEncoding = 4; lastKnownFileType = sourcecode.c.objc; path = Originator.m; sourceTree = "<group>"; };
		63A56A2312BCDAC200BE6B67 /* Votes.h */ = {isa = PBXFileReference; fileEncoding = 4; lastKnownFileType = sourcecode.c.h; path = Votes.h; sourceTree = "<group>"; };
		63A56A2412BCDAC200BE6B67 /* Votes.m */ = {isa = PBXFileReference; fileEncoding = 4; lastKnownFileType = sourcecode.c.objc; path = Votes.m; sourceTree = "<group>"; };
		63A56D4012BD716900BE6B67 /* AsynchImageView.h */ = {isa = PBXFileReference; fileEncoding = 4; lastKnownFileType = sourcecode.c.h; path = AsynchImageView.h; sourceTree = "<group>"; };
		63A56D4112BD716900BE6B67 /* AsynchImageView.m */ = {isa = PBXFileReference; fileEncoding = 4; lastKnownFileType = sourcecode.c.objc; path = AsynchImageView.m; sourceTree = "<group>"; };
		63C7D62412BB6E1000F18706 /* SplashViewController.h */ = {isa = PBXFileReference; fileEncoding = 4; lastKnownFileType = sourcecode.c.h; path = SplashViewController.h; sourceTree = "<group>"; };
		63C7D62512BB6E1000F18706 /* SplashViewController.m */ = {isa = PBXFileReference; fileEncoding = 4; lastKnownFileType = sourcecode.c.objc; path = SplashViewController.m; sourceTree = "<group>"; };
		8D1107310486CEB800E47090 /* GenericTownHall-Info.plist */ = {isa = PBXFileReference; fileEncoding = 4; lastKnownFileType = text.plist.xml; path = "GenericTownHall-Info.plist"; plistStructureDefinitionIdentifier = "com.apple.xcode.plist.structure-definition.iphone.info-plist"; sourceTree = "<group>"; };
		AA05683312CD8323007E1651 /* Entitlements.plist */ = {isa = PBXFileReference; fileEncoding = 4; lastKnownFileType = text.plist.xml; path = Entitlements.plist; sourceTree = "<group>"; };
		AA05683612CD83EF007E1651 /* icon.png */ = {isa = PBXFileReference; lastKnownFileType = image.png; name = icon.png; path = DESIGN/icon.png; sourceTree = "<group>"; };
		AA99105212CDCEEC00F0621C /* splash.png */ = {isa = PBXFileReference; lastKnownFileType = image.png; name = splash.png; path = DESIGN/splash.png; sourceTree = "<group>"; };
		AA99105312CDCEEC00F0621C /* top-bar-splash.png */ = {isa = PBXFileReference; lastKnownFileType = image.png; name = "top-bar-splash.png"; path = "DESIGN/top-bar-splash.png"; sourceTree = "<group>"; };
/* End PBXFileReference section */

/* Begin PBXFrameworksBuildPhase section */
		1D60588F0D05DD3D006BFB54 /* Frameworks */ = {
			isa = PBXFrameworksBuildPhase;
			buildActionMask = 2147483647;
			files = (
				1D60589F0D05DD5A006BFB54 /* Foundation.framework in Frameworks */,
				1DF5F4E00D08C38300B7A737 /* UIKit.framework in Frameworks */,
				2892E4100DC94CBA00A64D0F /* CoreGraphics.framework in Frameworks */,
				63A36DEB12BB5F1E0028AC5B /* QuartzCore.framework in Frameworks */,
			);
			runOnlyForDeploymentPostprocessing = 0;
		};
/* End PBXFrameworksBuildPhase section */

/* Begin PBXGroup section */
		080E96DDFE201D6D7F000001 /* Classes */ = {
			isa = PBXGroup;
			children = (
				6398740F12C34F8D00CB5944 /* CustomCells */,
				63A36D9312BB548C0028AC5B /* Dialogs */,
				63A363D512B8C18D0028AC5B /* Extras */,
				63A44DA112B77E520020FA06 /* Models */,
				63A4472612B611CB0020FA06 /* GTMHttpFetcher */,
				63A4470912B610AA0020FA06 /* JSON */,
				1D3623240D0F684500981E51 /* GenericTownHallAppDelegate.h */,
				1D3623250D0F684500981E51 /* GenericTownHallAppDelegate.m */,
				28042007108E984D000629CD /* RootViewController.h */,
				28042008108E984D000629CD /* RootViewController.m */,
				28042009108E984D000629CD /* DetailViewController.h */,
				2804200A108E984D000629CD /* DetailViewController.m */,
				63A4487212B6490B0020FA06 /* TopicsViewController.h */,
				63A4487312B6490B0020FA06 /* TopicsViewController.m */,
				63A4487412B6490B0020FA06 /* TopicsViewController.xib */,
				63A44CF912B76EBF0020FA06 /* QuestionsViewController.h */,
				63A44CFA12B76EBF0020FA06 /* QuestionsViewController.m */,
				63A44CFB12B76EBF0020FA06 /* QuestionsViewController.xib */,
				63A44D5112B7778B0020FA06 /* ResponsesViewController.h */,
				63A44D5212B7778B0020FA06 /* ResponsesViewController.m */,
				19AB49EB12C9C77700441D37 /* CategoriesViewController.h */,
				19AB49EC12C9C77700441D37 /* CategoriesViewController.m */,
				63A44D5312B7778B0020FA06 /* ResponsesViewController.xib */,
				63C7D62412BB6E1000F18706 /* SplashViewController.h */,
				63C7D62512BB6E1000F18706 /* SplashViewController.m */,
				194D357412CB15C500E3111B /* ProfileViewController.h */,
				194D357512CB15C500E3111B /* ProfileViewController.m */,
			);
			path = Classes;
			sourceTree = "<group>";
		};
		19C28FACFE9D520D11CA2CBB /* Products */ = {
			isa = PBXGroup;
			children = (
				1D6058910D05DD3D006BFB54 /* GenericTownHall.app */,
			);
			name = Products;
			sourceTree = "<group>";
		};
		29B97314FDCFA39411CA2CEA /* CustomTemplate */ = {
			isa = PBXGroup;
			children = (
				080E96DDFE201D6D7F000001 /* Classes */,
				29B97315FDCFA39411CA2CEA /* Other Sources */,
				29B97317FDCFA39411CA2CEA /* Resources */,
				29B97323FDCFA39411CA2CEA /* Frameworks */,
				19C28FACFE9D520D11CA2CBB /* Products */,
			);
			name = CustomTemplate;
			sourceTree = "<group>";
		};
		29B97315FDCFA39411CA2CEA /* Other Sources */ = {
			isa = PBXGroup;
			children = (
				28A0AAE50D9B0CCF005BE974 /* GenericTownHall_Prefix.pch */,
				29B97316FDCFA39411CA2CEA /* main.m */,
				63A366FE12BA0AD30028AC5B /* globals.h */,
			);
			name = "Other Sources";
			sourceTree = "<group>";
		};
		29B97317FDCFA39411CA2CEA /* Resources */ = {
			isa = PBXGroup;
			children = (
				AA99105212CDCEEC00F0621C /* splash.png */,
				AA99105312CDCEEC00F0621C /* top-bar-splash.png */,
				AA05683612CD83EF007E1651 /* icon.png */,
				1995F97D12CC818D00C557BF /* bg-tile.png */,
				19AB4B9912C9DD4E00441D37 /* background.png */,
				19AB4B6612C9DA2D00441D37 /* steps.png */,
				19AB4B2D12C9D71200441D37 /* placeholder.png */,
				19AB4B0412C9D36A00441D37 /* icon2.png */,
				19AB49CB12C9C62500441D37 /* backround.png */,
				63A3686812BA269F0028AC5B /* Icons */,
				28AD735F0D9D9599002E5188 /* MainWindow.xib */,
				2804203B108E9BAB000629CD /* DetailView.xib */,
				8D1107310486CEB800E47090 /* GenericTownHall-Info.plist */,
				63A366FC12BA09EF0028AC5B /* configs.plist */,
			);
			name = Resources;
			sourceTree = "<group>";
		};
		29B97323FDCFA39411CA2CEA /* Frameworks */ = {
			isa = PBXGroup;
			children = (
				1DF5F4DF0D08C38300B7A737 /* UIKit.framework */,
				1D30AB110D05D00D00671497 /* Foundation.framework */,
				2892E40F0DC94CBA00A64D0F /* CoreGraphics.framework */,
				63A36DEA12BB5F1E0028AC5B /* QuartzCore.framework */,
			);
			name = Frameworks;
			sourceTree = "<group>";
		};
		6398740F12C34F8D00CB5944 /* CustomCells */ = {
			isa = PBXGroup;
			children = (
				AA05683312CD8323007E1651 /* Entitlements.plist */,
				6398741012C3539300CB5944 /* QuestionPlainCell.h */,
				6398741112C3539300CB5944 /* QuestionPlainCell.m */,
				6398747C12C368FD00CB5944 /* QuestionGroupedCell.h */,
				6398747D12C368FD00CB5944 /* QuestionGroupedCell.m */,
				194D375A12CB683100E3111B /* RootViewQuestionCell.h */,
				194D375B12CB683100E3111B /* RootViewQuestionCell.m */,
				194D375D12CB688000E3111B /* BaseQuestionCell.h */,
				194D375E12CB688000E3111B /* BaseQuestionCell.m */,
				1995F8C012CC607600C557BF /* ResponseCell.h */,
				1995F8C112CC607600C557BF /* ResponseCell.m */,
				1995FA2F12CC8DF300C557BF /* TopicCell.h */,
				1995FA3012CC8DF300C557BF /* TopicCell.m */,
			);
			name = CustomCells;
			sourceTree = "<group>";
		};
		63A363D512B8C18D0028AC5B /* Extras */ = {
			isa = PBXGroup;
			children = (
				63A56D4012BD716900BE6B67 /* AsynchImageView.h */,
				63A56D4112BD716900BE6B67 /* AsynchImageView.m */,
				63A363D812B8C1B60028AC5B /* MBProgressHUD.h */,
				63A363D912B8C1B60028AC5B /* MBProgressHUD.m */,
			);
			name = Extras;
			sourceTree = "<group>";
		};
		63A3686812BA269F0028AC5B /* Icons */ = {
			isa = PBXGroup;
			children = (
				19EC53F812CC46D000C307EC /* icon-mostinterest-off.png */,
				19EC53F912CC46D000C307EC /* icon-mostrecent-off.png */,
				19EC53FA12CC46D000C307EC /* icon-totalvotes-off.png */,
				19EC53FB12CC46D000C307EC /* icon-withresponses-off.png */,
				194D38E712CB811200E3111B /* placeholder_topic_bw.png */,
				194D38E812CB811200E3111B /* placeholder2.png */,
				194D385812CB78F800E3111B /* vote_box.png */,
				194D37ED12CB736A00E3111B /* meter_green.png */,
				194D37EE12CB736A00E3111B /* meter_red.png */,
				194D37EF12CB736A00E3111B /* vote_down.png */,
				194D37F012CB736A00E3111B /* vote_up.png */,
				194D355F12CB101F00E3111B /* man_24.png */,
				63764C1B12C0A9AD00F380B5 /* arrow_down_24_on.png */,
				63764C1C12C0A9AD00F380B5 /* arrow_up_24_on.png */,
				63764BB012C0973900F380B5 /* arrow_down_24.png */,
				63764BB112C0973900F380B5 /* arrow_up_24.png */,
				63A36D9112BB54580028AC5B /* key_24.png */,
				63A369F612BA45550028AC5B /* comment_24.png */,
				63A369F412BA44E70028AC5B /* pencil_24.png */,
				63A3688112BA27C10028AC5B /* reload_24.png */,
				63A3688812BA28590028AC5B /* arrow_circle_right_24.png */,
				63A3687F12BA27B40028AC5B /* arrow_right_24.png */,
				63A3686B12BA26B90028AC5B /* arrow_left_24.png */,
			);
			name = Icons;
			sourceTree = "<group>";
		};
		63A36D9312BB548C0028AC5B /* Dialogs */ = {
			isa = PBXGroup;
			children = (
				63A36A7B12BA51DD0028AC5B /* QuestionDialog.h */,
				63A36A7C12BA51DD0028AC5B /* QuestionDialog.m */,
				63A36D9412BB549A0028AC5B /* LoginDialog.h */,
				63A36D9512BB549A0028AC5B /* LoginDialog.m */,
				63764A5E12BF8D4A00F380B5 /* ResponseDialog.h */,
				63764A5F12BF8D4A00F380B5 /* ResponseDialog.m */,
				194D365A12CB4FBC00E3111B /* BaseDialog.h */,
				194D365B12CB4FBC00E3111B /* BaseDialog.m */,
			);
			name = Dialogs;
			sourceTree = "<group>";
		};
		63A4470912B610AA0020FA06 /* JSON */ = {
			isa = PBXGroup;
			children = (
				63A4471612B610C10020FA06 /* JSON.h */,
				63A4471712B610C10020FA06 /* NSObject+SBJSON.h */,
				63A4471812B610C10020FA06 /* NSObject+SBJSON.m */,
				63A4471912B610C10020FA06 /* NSString+SBJSON.h */,
				63A4471A12B610C10020FA06 /* NSString+SBJSON.m */,
				63A4471B12B610C10020FA06 /* SBJsonBase.h */,
				63A4471C12B610C10020FA06 /* SBJsonBase.m */,
				63A4471D12B610C10020FA06 /* SBJsonParser.h */,
				63A4471E12B610C10020FA06 /* SBJsonParser.m */,
				63A4471F12B610C10020FA06 /* SBJsonWriter.h */,
				63A4472012B610C10020FA06 /* SBJsonWriter.m */,
			);
			name = JSON;
			sourceTree = "<group>";
		};
		63A4472612B611CB0020FA06 /* GTMHttpFetcher */ = {
			isa = PBXGroup;
			children = (
				63A4472812B611F80020FA06 /* GTMGatherInputStream.h */,
				63A4472912B611F80020FA06 /* GTMGatherInputStream.m */,
				63A4472A12B611F80020FA06 /* GTMHTTPFetcher.h */,
				63A4472B12B611F80020FA06 /* GTMHTTPFetcher.m */,
				63A4472C12B611F80020FA06 /* GTMHTTPFetcherLogging.h */,
				63A4472D12B611F80020FA06 /* GTMHTTPFetcherLogging.m */,
				63A4472E12B611F80020FA06 /* GTMHTTPFetcherService.h */,
				63A4472F12B611F80020FA06 /* GTMHTTPFetcherService.m */,
				63A4473012B611F80020FA06 /* GTMHTTPFetchHistory.h */,
				63A4473112B611F80020FA06 /* GTMHTTPFetchHistory.m */,
				63A4473212B611F80020FA06 /* GTMHTTPUploadFetcher.h */,
				63A4473312B611F80020FA06 /* GTMHTTPUploadFetcher.m */,
				63A4473412B611F80020FA06 /* GTMMIMEDocument.h */,
				63A4473512B611F80020FA06 /* GTMMIMEDocument.m */,
			);
			name = GTMHttpFetcher;
			sourceTree = "<group>";
		};
		63A44DA112B77E520020FA06 /* Models */ = {
			isa = PBXGroup;
			children = (
				63A56A2112BCDAC200BE6B67 /* Originator.h */,
				63A56A2212BCDAC200BE6B67 /* Originator.m */,
				63A56A2312BCDAC200BE6B67 /* Votes.h */,
				63A56A2412BCDAC200BE6B67 /* Votes.m */,
				63A44DAB12B780600020FA06 /* Topic.h */,
				63A44DAC12B780600020FA06 /* Topic.m */,
				63A44DA812B77EBA0020FA06 /* Response.h */,
				63A44DA912B77EBA0020FA06 /* Response.m */,
				63A44DA512B77E7A0020FA06 /* Question.h */,
				63A44DA612B77E7A0020FA06 /* Question.m */,
				63A44DA212B77E670020FA06 /* Category.h */,
				63A44DA312B77E670020FA06 /* Category.m */,
			);
			name = Models;
			sourceTree = "<group>";
		};
/* End PBXGroup section */

/* Begin PBXNativeTarget section */
		1D6058900D05DD3D006BFB54 /* GenericTownHall */ = {
			isa = PBXNativeTarget;
			buildConfigurationList = 1D6058960D05DD3E006BFB54 /* Build configuration list for PBXNativeTarget "GenericTownHall" */;
			buildPhases = (
				1D60588D0D05DD3D006BFB54 /* Resources */,
				1D60588E0D05DD3D006BFB54 /* Sources */,
				1D60588F0D05DD3D006BFB54 /* Frameworks */,
			);
			buildRules = (
			);
			dependencies = (
			);
			name = GenericTownHall;
			productName = GenericTownHall;
			productReference = 1D6058910D05DD3D006BFB54 /* GenericTownHall.app */;
			productType = "com.apple.product-type.application";
		};
/* End PBXNativeTarget section */

/* Begin PBXProject section */
		29B97313FDCFA39411CA2CEA /* Project object */ = {
			isa = PBXProject;
			buildConfigurationList = C01FCF4E08A954540054247B /* Build configuration list for PBXProject "GenericTownHall" */;
			compatibilityVersion = "Xcode 3.2";
			developmentRegion = English;
			hasScannedForEncodings = 1;
			knownRegions = (
				English,
				Japanese,
				French,
				German,
				en,
			);
			mainGroup = 29B97314FDCFA39411CA2CEA /* CustomTemplate */;
			projectDirPath = "";
			projectRoot = "";
			targets = (
				1D6058900D05DD3D006BFB54 /* GenericTownHall */,
			);
		};
/* End PBXProject section */

/* Begin PBXResourcesBuildPhase section */
		1D60588D0D05DD3D006BFB54 /* Resources */ = {
			isa = PBXResourcesBuildPhase;
			buildActionMask = 2147483647;
			files = (
				28AD73600D9D9599002E5188 /* MainWindow.xib in Resources */,
				2804203C108E9BAB000629CD /* DetailView.xib in Resources */,
				63A4487612B6490B0020FA06 /* TopicsViewController.xib in Resources */,
				63A44CFD12B76EBF0020FA06 /* QuestionsViewController.xib in Resources */,
				63A44D5512B7778B0020FA06 /* ResponsesViewController.xib in Resources */,
				63A366FD12BA09EF0028AC5B /* configs.plist in Resources */,
				63A3686C12BA26B90028AC5B /* arrow_left_24.png in Resources */,
				63A3688012BA27B40028AC5B /* arrow_right_24.png in Resources */,
				63A3688212BA27C10028AC5B /* reload_24.png in Resources */,
				63A3688912BA28590028AC5B /* arrow_circle_right_24.png in Resources */,
				63A369F512BA44E70028AC5B /* pencil_24.png in Resources */,
				63A369F712BA45550028AC5B /* comment_24.png in Resources */,
				63A36D9212BB54580028AC5B /* key_24.png in Resources */,
				63764BB212C0973900F380B5 /* arrow_down_24.png in Resources */,
				63764BB312C0973900F380B5 /* arrow_up_24.png in Resources */,
				63764C1D12C0A9AD00F380B5 /* arrow_down_24_on.png in Resources */,
				63764C1E12C0A9AD00F380B5 /* arrow_up_24_on.png in Resources */,
				19AB49CC12C9C62500441D37 /* backround.png in Resources */,
				19AB4B0512C9D36A00441D37 /* icon2.png in Resources */,
				19AB4B2E12C9D71200441D37 /* placeholder.png in Resources */,
				19AB4B6712C9DA2D00441D37 /* steps.png in Resources */,
				19AB4B9A12C9DD4E00441D37 /* background.png in Resources */,
				194D356012CB101F00E3111B /* man_24.png in Resources */,
				194D37F112CB736A00E3111B /* meter_green.png in Resources */,
				194D37F212CB736A00E3111B /* meter_red.png in Resources */,
				194D37F312CB736A00E3111B /* vote_down.png in Resources */,
				194D37F412CB736A00E3111B /* vote_up.png in Resources */,
				194D385912CB78F800E3111B /* vote_box.png in Resources */,
				194D38E912CB811200E3111B /* placeholder_topic_bw.png in Resources */,
				194D38EA12CB811200E3111B /* placeholder2.png in Resources */,
				19EC53FC12CC46D000C307EC /* icon-mostinterest-off.png in Resources */,
				19EC53FD12CC46D000C307EC /* icon-mostrecent-off.png in Resources */,
				19EC53FE12CC46D000C307EC /* icon-totalvotes-off.png in Resources */,
				19EC53FF12CC46D000C307EC /* icon-withresponses-off.png in Resources */,
				1995F97E12CC818D00C557BF /* bg-tile.png in Resources */,
				AA05683712CD83EF007E1651 /* icon.png in Resources */,
				AA99105412CDCEEC00F0621C /* splash.png in Resources */,
				AA99105512CDCEEC00F0621C /* top-bar-splash.png in Resources */,
			);
			runOnlyForDeploymentPostprocessing = 0;
		};
/* End PBXResourcesBuildPhase section */

/* Begin PBXSourcesBuildPhase section */
		1D60588E0D05DD3D006BFB54 /* Sources */ = {
			isa = PBXSourcesBuildPhase;
			buildActionMask = 2147483647;
			files = (
				1D60589B0D05DD56006BFB54 /* main.m in Sources */,
				1D3623260D0F684500981E51 /* GenericTownHallAppDelegate.m in Sources */,
				2804200B108E984D000629CD /* RootViewController.m in Sources */,
				2804200C108E984D000629CD /* DetailViewController.m in Sources */,
				63A4472112B610C10020FA06 /* NSObject+SBJSON.m in Sources */,
				63A4472212B610C10020FA06 /* NSString+SBJSON.m in Sources */,
				63A4472312B610C10020FA06 /* SBJsonBase.m in Sources */,
				63A4472412B610C10020FA06 /* SBJsonParser.m in Sources */,
				63A4472512B610C10020FA06 /* SBJsonWriter.m in Sources */,
				63A4473612B611F80020FA06 /* GTMGatherInputStream.m in Sources */,
				63A4473712B611F80020FA06 /* GTMHTTPFetcher.m in Sources */,
				63A4473812B611F80020FA06 /* GTMHTTPFetcherLogging.m in Sources */,
				63A4473912B611F80020FA06 /* GTMHTTPFetcherService.m in Sources */,
				63A4473A12B611F80020FA06 /* GTMHTTPFetchHistory.m in Sources */,
				63A4473B12B611F80020FA06 /* GTMHTTPUploadFetcher.m in Sources */,
				63A4473C12B611F80020FA06 /* GTMMIMEDocument.m in Sources */,
				63A4487512B6490B0020FA06 /* TopicsViewController.m in Sources */,
				63A44CFC12B76EBF0020FA06 /* QuestionsViewController.m in Sources */,
				63A44D5412B7778B0020FA06 /* ResponsesViewController.m in Sources */,
				63A44DA412B77E670020FA06 /* Category.m in Sources */,
				63A44DA712B77E7A0020FA06 /* Question.m in Sources */,
				63A44DAA12B77EBA0020FA06 /* Response.m in Sources */,
				63A44DAD12B780600020FA06 /* Topic.m in Sources */,
				63A363DA12B8C1B60028AC5B /* MBProgressHUD.m in Sources */,
				63A36A7D12BA51DD0028AC5B /* QuestionDialog.m in Sources */,
				63A36D9612BB549A0028AC5B /* LoginDialog.m in Sources */,
				63C7D62612BB6E1000F18706 /* SplashViewController.m in Sources */,
				63A56A2512BCDAC200BE6B67 /* Originator.m in Sources */,
				63A56A2612BCDAC200BE6B67 /* Votes.m in Sources */,
				63A56D4212BD716900BE6B67 /* AsynchImageView.m in Sources */,
				63764A6012BF8D4A00F380B5 /* ResponseDialog.m in Sources */,
				6398741212C3539300CB5944 /* QuestionPlainCell.m in Sources */,
				6398747E12C368FD00CB5944 /* QuestionGroupedCell.m in Sources */,
				19AB49ED12C9C77700441D37 /* CategoriesViewController.m in Sources */,
				194D357612CB15C500E3111B /* ProfileViewController.m in Sources */,
				194D365C12CB4FBC00E3111B /* BaseDialog.m in Sources */,
				194D375C12CB683100E3111B /* RootViewQuestionCell.m in Sources */,
				194D375F12CB688000E3111B /* BaseQuestionCell.m in Sources */,
				1995F8C212CC607600C557BF /* ResponseCell.m in Sources */,
				1995FA3112CC8DF300C557BF /* TopicCell.m in Sources */,
			);
			runOnlyForDeploymentPostprocessing = 0;
		};
/* End PBXSourcesBuildPhase section */

/* Begin XCBuildConfiguration section */
		1995FF6A12CDC2BF00C557BF /* Distribution */ = {
			isa = XCBuildConfiguration;
			buildSettings = {
				ARCHS = "$(ARCHS_UNIVERSAL_IPHONE_OS)";
				"CODE_SIGN_IDENTITY[sdk=iphoneos*]" = "iPhone Distribution";
				GCC_C_LANGUAGE_STANDARD = c99;
				GCC_WARN_ABOUT_RETURN_TYPE = YES;
				GCC_WARN_UNUSED_VARIABLE = YES;
				OTHER_CFLAGS = "-DNS_BLOCK_ASSERTIONS=1";
				PREBINDING = NO;
				"PROVISIONING_PROFILE[sdk=iphoneos*]" = "";
				SDKROOT = iphoneos;
				TARGETED_DEVICE_FAMILY = 2;
			};
			name = Distribution;
		};
		1995FF6B12CDC2BF00C557BF /* Distribution */ = {
			isa = XCBuildConfiguration;
			buildSettings = {
				ALWAYS_SEARCH_USER_PATHS = NO;
				"CODE_SIGN_IDENTITY[sdk=iphoneos*]" = "iPhone Distribution";
				COPY_PHASE_STRIP = YES;
				GCC_PRECOMPILE_PREFIX_HEADER = YES;
				GCC_PREFIX_HEADER = GenericTownHall_Prefix.pch;
				INFOPLIST_FILE = "GenericTownHall-Info.plist";
				PRODUCT_NAME = GenericTownHall;
				"PROVISIONING_PROFILE[sdk=iphoneos*]" = "";
				VALIDATE_PRODUCT = YES;
			};
			name = Distribution;
		};
		1D6058940D05DD3E006BFB54 /* Debug */ = {
			isa = XCBuildConfiguration;
			buildSettings = {
				ALWAYS_SEARCH_USER_PATHS = NO;
				CODE_SIGN_ENTITLEMENTS = "~/Development/townhall_ipad/Classes/Entitlements.plist";
				COPY_PHASE_STRIP = NO;
				GCC_DYNAMIC_NO_PIC = NO;
				GCC_OPTIMIZATION_LEVEL = 0;
				GCC_PRECOMPILE_PREFIX_HEADER = YES;
				GCC_PREFIX_HEADER = GenericTownHall_Prefix.pch;
				INFOPLIST_FILE = "GenericTownHall-Info.plist";
				PRODUCT_NAME = GenericTownHall;
			};
			name = Debug;
		};
		1D6058950D05DD3E006BFB54 /* Release */ = {
			isa = XCBuildConfiguration;
			buildSettings = {
				ALWAYS_SEARCH_USER_PATHS = NO;
				CODE_SIGN_ENTITLEMENTS = "~/Development/townhall_ipad/Classes/Entitlements.plist";
				COPY_PHASE_STRIP = YES;
				GCC_PRECOMPILE_PREFIX_HEADER = YES;
				GCC_PREFIX_HEADER = GenericTownHall_Prefix.pch;
				INFOPLIST_FILE = "GenericTownHall-Info.plist";
				PRODUCT_NAME = GenericTownHall;
				VALIDATE_PRODUCT = YES;
			};
			name = Release;
		};
		C01FCF4F08A954540054247B /* Debug */ = {
			isa = XCBuildConfiguration;
			buildSettings = {
				ARCHS = "$(ARCHS_UNIVERSAL_IPHONE_OS)";
				"CODE_SIGN_IDENTITY[sdk=iphoneos*]" = "iPhone Developer: Steven Smith (2WYY3533D4)";
				GCC_C_LANGUAGE_STANDARD = c99;
				GCC_WARN_ABOUT_RETURN_TYPE = YES;
				GCC_WARN_UNUSED_VARIABLE = YES;
				PREBINDING = NO;
				"PROVISIONING_PROFILE[sdk=iphoneos*]" = "5225CE7F-F17C-4924-840F-EEBBB5AF7C6E";
				SDKROOT = iphoneos;
				TARGETED_DEVICE_FAMILY = 2;
			};
			name = Debug;
		};
		C01FCF5008A954540054247B /* Release */ = {
			isa = XCBuildConfiguration;
			buildSettings = {
				ARCHS = "$(ARCHS_UNIVERSAL_IPHONE_OS)";
				"CODE_SIGN_IDENTITY[sdk=iphoneos*]" = "iPhone Distribution";
				GCC_C_LANGUAGE_STANDARD = c99;
				GCC_WARN_ABOUT_RETURN_TYPE = YES;
				GCC_WARN_UNUSED_VARIABLE = YES;
				OTHER_CFLAGS = "-DNS_BLOCK_ASSERTIONS=1";
				PREBINDING = NO;
				SDKROOT = iphoneos;
				TARGETED_DEVICE_FAMILY = 2;
			};
			name = Release;
		};
/* End XCBuildConfiguration section */

/* Begin XCConfigurationList section */
		1D6058960D05DD3E006BFB54 /* Build configuration list for PBXNativeTarget "GenericTownHall" */ = {
			isa = XCConfigurationList;
			buildConfigurations = (
				1D6058940D05DD3E006BFB54 /* Debug */,
				1D6058950D05DD3E006BFB54 /* Release */,
				1995FF6B12CDC2BF00C557BF /* Distribution */,
			);
			defaultConfigurationIsVisible = 0;
			defaultConfigurationName = Release;
		};
		C01FCF4E08A954540054247B /* Build configuration list for PBXProject "GenericTownHall" */ = {
			isa = XCConfigurationList;
			buildConfigurations = (
				C01FCF4F08A954540054247B /* Debug */,
				C01FCF5008A954540054247B /* Release */,
				1995FF6A12CDC2BF00C557BF /* Distribution */,
			);
			defaultConfigurationIsVisible = 0;
			defaultConfigurationName = Release;
		};
/* End XCConfigurationList section */
	};
	rootObject = 29B97313FDCFA39411CA2CEA /* Project object */;
}
